<Solution>
  <Project Path="NaughtyAttributes.Editor.csproj" />
  <Project Path="Assembly-CSharp.csproj" />
  <Project Path="NaughtyAttributes.Core.csproj" />
  <Project Path="NaughtyAttributes.Test.csproj" />
  <Project Path="Unity.VSCode.Editor.csproj" />
  <Project Path="com.upscalebaby.generic-serializable-dictionary-editor.csproj" />
  <Project Path="com.upscalebaby.generic-serializable-dictionary.csproj" />
</Solution>
